<?xml version="1.0" encoding="utf-8"?>
<Project ToolsVersion="4.0" xmlns="http://schemas.microsoft.com/developer/msbuild/2003">
  <ItemGroup>
    <Filter Include="Source Files">
      <UniqueIdentifier>{4FC737F1-C7A5-4376-A066-2A32D752A2FF}</UniqueIdentifier>
      <Extensions>cpp;c;cc;cxx;def;odl;idl;hpj;bat;asm;asmx</Extensions>
    </Filter>
    <Filter Include="Header Files">
      <UniqueIdentifier>{93995380-89BD-4b04-88EB-625FBE52EBFB}</UniqueIdentifier>
      <Extensions>h;hh;hpp;hxx;hm;inl;inc;xsd</Extensions>
    </Filter>
    <Filter Include="Resource Files">
      <UniqueIdentifier>{67DA6AB6-F800-4c08-8B7A-83BB121AAD01}</UniqueIdentifier>
      <Extensions>rc;ico;cur;bmp;dlg;rc2;rct;bin;rgs;gif;jpg;jpeg;jpe;resx;tiff;tif;png;wav;mfcribbon-ms</Extensions>
    </Filter>
    <Filter Include="Header Files\Engine">
      <UniqueIdentifier>{79472564-2d95-40ab-a44c-acbd50a1a75d}</UniqueIdentifier>
    </Filter>
    <Filter Include="Source Files\Engine">
      <UniqueIdentifier>{d0f7dff8-d2cd-4008-b975-da7b92dbcb45}</UniqueIdentifier>
    </Filter>
    <Filter Include="Header Files\Testing">
      <UniqueIdentifier>{d2905d2a-7e71-4adc-8e5b-c0e05b24780f}</UniqueIdentifier>
    </Filter>
    <Filter Include="Source Files\Testing">
      <UniqueIdentifier>{f07ddd5d-24ce-450d-a16f-1a6c0e9c0391}</UniqueIdentifier>
    </Filter>
  </ItemGroup>
  <ItemGroup>
    <ClInclude Include="cpu.h">
      <Filter>Header Files</Filter>
    </ClInclude>
    <ClInclude Include="mem_block.h">
      <Filter>Header Files</Filter>
    </ClInclude>
    <ClInclude Include="instruction.h">
      <Filter>Header Files</Filter>
    </ClInclude>
    <ClInclude Include="composite_register.h">
      <Filter>Header Files</Filter>
    </ClInclude>
    <ClInclude Include="instruction_factory.h">
      <Filter>Header Files</Filter>
    </ClInclude>
    <ClInclude Include="instruction_args.h">
      <Filter>Header Files</Filter>
    </ClInclude>
    <ClInclude Include="cartridge.h">
      <Filter>Header Files</Filter>
    </ClInclude>
    <ClInclude Include="hex_printing.h">
      <Filter>Header Files</Filter>
    </ClInclude>
    <ClInclude Include="utils.h">
      <Filter>Header Files</Filter>
    </ClInclude>
    <ClInclude Include="input.h">
      <Filter>Header Files\Engine</Filter>
    </ClInclude>
    <ClInclude Include="input_handler.h">
      <Filter>Header Files\Engine</Filter>
    </ClInclude>
    <ClInclude Include="game.h">
      <Filter>Header Files\Engine</Filter>
    </ClInclude>
    <ClInclude Include="display.h">
      <Filter>Header Files\Engine</Filter>
    </ClInclude>
    <ClInclude Include="screen.h">
      <Filter>Header Files\Engine</Filter>
    </ClInclude>
    <ClInclude Include="shader.h">
      <Filter>Header Files\Engine</Filter>
    </ClInclude>
    <ClInclude Include="test_screen.h">
      <Filter>Header Files\Engine</Filter>
    </ClInclude>
    <ClInclude Include="texture.h">
      <Filter>Header Files\Engine</Filter>
    </ClInclude>
    <ClInclude Include="sprite_renderer.h">
      <Filter>Header Files\Engine</Filter>
    </ClInclude>
    <ClInclude Include="cpu_wrapper.h">
      <Filter>Header Files\Testing</Filter>
    </ClInclude>
    <ClInclude Include="cpu_test_cases.h">
      <Filter>Header Files\Testing</Filter>
    </ClInclude>
  </ItemGroup>
  <ItemGroup>
    <ClCompile Include="cpu.cpp">
      <Filter>Source Files</Filter>
    </ClCompile>
    <ClCompile Include="main.cpp">
      <Filter>Source Files</Filter>
    </ClCompile>
    <ClCompile Include="mem_block.cpp">
      <Filter>Source Files</Filter>
    </ClCompile>
    <ClCompile Include="instruction.cpp">
      <Filter>Source Files</Filter>
    </ClCompile>
    <ClCompile Include="composite_register.cpp">
      <Filter>Source Files</Filter>
    </ClCompile>
    <ClCompile Include="instruction_factory.cpp">
      <Filter>Source Files</Filter>
    </ClCompile>
    <ClCompile Include="cartridge.cpp">
      <Filter>Source Files</Filter>
    </ClCompile>
    <ClCompile Include="display.cpp">
      <Filter>Source Files\Engine</Filter>
    </ClCompile>
    <ClCompile Include="game.cpp">
      <Filter>Source Files\Engine</Filter>
    </ClCompile>
    <ClCompile Include="input.cpp">
      <Filter>Source Files\Engine</Filter>
    </ClCompile>
    <ClCompile Include="screen.cpp">
      <Filter>Source Files\Engine</Filter>
    </ClCompile>
    <ClCompile Include="shader.cpp">
      <Filter>Source Files\Engine</Filter>
    </ClCompile>
    <ClCompile Include="test_screen.cpp">
      <Filter>Source Files\Engine</Filter>
    </ClCompile>
    <ClCompile Include="texture.cpp">
      <Filter>Source Files\Engine</Filter>
    </ClCompile>
    <ClCompile Include="sprite_renderer.cpp">
      <Filter>Source Files\Engine</Filter>
    </ClCompile>
    <ClCompile Include="cpu.populate_instructions.cpp">
      <Filter>Source Files</Filter>
    </ClCompile>
    <ClCompile Include="cpu_test_cases.cpp">
      <Filter>Source Files\Testing</Filter>
    </ClCompile>
    <ClCompile Include="cpu_wrapper.cpp">
      <Filter>Source Files\Testing</Filter>
    </ClCompile>
    <ClCompile Include="cpu_wrapper.init.cpp">
      <Filter>Source Files\Testing</Filter>
    </ClCompile>
  </ItemGroup>
</Project>